
Microsoft Visual Studio Solution File, Format Version 12.00
# Visual Studio Version 17
VisualStudioVersion = 17.0.31912.275
MinimumVisualStudioVersion = 10.0.40219.1
Project("{FAE04EC0-301F-11D3-BF4B-00C04F79EFBC}") = "ClassesExercise1", "ClassesExercise1\ClassesExercise1.csproj", "{97A35F72-54EC-4FF5-BCB3-62D300536D88}"
EndProject
Global
	GlobalSection(SolutionConfigurationPlatforms) = preSolution
		Debug|Any CPU = Debug|Any CPU
		Release|Any CPU = Release|Any CPU
	EndGlobalSection
	GlobalSection(ProjectConfigurationPlatforms) = postSolution
		{97A35F72-54EC-4FF5-BCB3-62D300536D88}.Debug|Any CPU.ActiveCfg = Debug|Any CPU
		{97A35F72-54EC-4FF5-BCB3-62D300536D88}.Debug|Any CPU.Build.0 = Debug|Any CPU
		{97A35F72-54EC-4FF5-BCB3-62D300536D88}.Release|Any CPU.ActiveCfg = Release|Any CPU
		{97A35F72-54EC-4FF5-BCB3-62D300536D88}.Release|Any CPU.Build.0 = Release|Any CPU
	EndGlobalSection
	GlobalSection(SolutionProperties) = preSolution
		HideSolutionNode = FALSE
	EndGlobalSection
	GlobalSection(ExtensibilityGlobals) = postSolution
		SolutionGuid = {FBF5F2CC-B2B9-4B04-B480-0B82AC123F58}
	EndGlobalSection
EndGlobal
